
Microsoft Visual Studio Solution File, Format Version 12.00
# Visual Studio Version 17
VisualStudioVersion = 17.1.32421.90
MinimumVisualStudioVersion = 10.0.40219.1
Project("{FAE04EC0-301F-11D3-BF4B-00C04F79EFBC}") = "QLBanDoAn", "QLBanDoAn\QLBanDoAn.csproj", "{4A9C368A-27D1-4BD2-91DE-B223E8F396EE}"
EndProject
Global
	GlobalSection(SolutionConfigurationPlatforms) = preSolution
		Debug|Any CPU = Debug|Any CPU
		Release|Any CPU = Release|Any CPU
	EndGlobalSection
	GlobalSection(ProjectConfigurationPlatforms) = postSolution
		{4A9C368A-27D1-4BD2-91DE-B223E8F396EE}.Debug|Any CPU.ActiveCfg = Debug|Any CPU
		{4A9C368A-27D1-4BD2-91DE-B223E8F396EE}.Debug|Any CPU.Build.0 = Debug|Any CPU
		{4A9C368A-27D1-4BD2-91DE-B223E8F396EE}.Release|Any CPU.ActiveCfg = Release|Any CPU
		{4A9C368A-27D1-4BD2-91DE-B223E8F396EE}.Release|Any CPU.Build.0 = Release|Any CPU
	EndGlobalSection
	GlobalSection(SolutionProperties) = preSolution
		HideSolutionNode = FALSE
	EndGlobalSection
	GlobalSection(ExtensibilityGlobals) = postSolution
		SolutionGuid = {69307FE9-1B8F-41F5-9C29-9D3B3B051E5D}
	EndGlobalSection
EndGlobal
